// !$*UTF8*$!
{
	archiveVersion = 1;
	classes = {
	};
	objectVersion = 50;
	objects = {

/* Begin PBXBuildFile section */
		7A6282A7207C9C4B00B0F8B5 /* DMSEntryListView.swift in Sources */ = {isa = PBXBuildFile; fileRef = 7A6282A6207C9C4B00B0F8B5 /* DMSEntryListView.swift */; };
		7AD653C62079877F0058ADE4 /* AppDelegate.swift in Sources */ = {isa = PBXBuildFile; fileRef = 7AD653C52079877F0058ADE4 /* AppDelegate.swift */; };
		7AD653C82079877F0058ADE4 /* ViewController.swift in Sources */ = {isa = PBXBuildFile; fileRef = 7AD653C72079877F0058ADE4 /* ViewController.swift */; };
		7AD653CB2079877F0058ADE4 /* Main.storyboard in Resources */ = {isa = PBXBuildFile; fileRef = 7AD653C92079877F0058ADE4 /* Main.storyboard */; };
		7AD653CD2079877F0058ADE4 /* Assets.xcassets in Resources */ = {isa = PBXBuildFile; fileRef = 7AD653CC2079877F0058ADE4 /* Assets.xcassets */; };
		7AD653D02079877F0058ADE4 /* LaunchScreen.storyboard in Resources */ = {isa = PBXBuildFile; fileRef = 7AD653CE2079877F0058ADE4 /* LaunchScreen.storyboard */; };
		7AD653DB2079877F0058ADE4 /* GuardianAngelSwiftTests.swift in Sources */ = {isa = PBXBuildFile; fileRef = 7AD653DA2079877F0058ADE4 /* GuardianAngelSwiftTests.swift */; };
/* End PBXBuildFile section */

/* Begin PBXContainerItemProxy section */
		7AD653D72079877F0058ADE4 /* PBXContainerItemProxy */ = {
			isa = PBXContainerItemProxy;
			containerPortal = 7AD653BA2079877F0058ADE4 /* Project object */;
			proxyType = 1;
			remoteGlobalIDString = 7AD653C12079877F0058ADE4;
			remoteInfo = GuardianAngelSwift;
		};
/* End PBXContainerItemProxy section */

/* Begin PBXFileReference section */
		7A6282A6207C9C4B00B0F8B5 /* DMSEntryListView.swift */ = {isa = PBXFileReference; fileEncoding = 4; lastKnownFileType = sourcecode.swift; name = DMSEntryListView.swift; path = ../../../../../.Trash/DMSEntryListView.swift; sourceTree = "<group>"; };
		7AD653C22079877F0058ADE4 /* GuardianAngelSwift.app */ = {isa = PBXFileReference; explicitFileType = wrapper.application; includeInIndex = 0; path = GuardianAngelSwift.app; sourceTree = BUILT_PRODUCTS_DIR; };
		7AD653C52079877F0058ADE4 /* AppDelegate.swift */ = {isa = PBXFileReference; lastKnownFileType = sourcecode.swift; path = AppDelegate.swift; sourceTree = "<group>"; };
		7AD653C72079877F0058ADE4 /* ViewController.swift */ = {isa = PBXFileReference; lastKnownFileType = sourcecode.swift; path = ViewController.swift; sourceTree = "<group>"; };
		7AD653CA2079877F0058ADE4 /* Base */ = {isa = PBXFileReference; lastKnownFileType = file.storyboard; name = Base; path = Base.lproj/Main.storyboard; sourceTree = "<group>"; };
		7AD653CC2079877F0058ADE4 /* Assets.xcassets */ = {isa = PBXFileReference; lastKnownFileType = folder.assetcatalog; path = Assets.xcassets; sourceTree = "<group>"; };
		7AD653CF2079877F0058ADE4 /* Base */ = {isa = PBXFileReference; lastKnownFileType = file.storyboard; name = Base; path = Base.lproj/LaunchScreen.storyboard; sourceTree = "<group>"; };
		7AD653D12079877F0058ADE4 /* Info.plist */ = {isa = PBXFileReference; lastKnownFileType = text.plist.xml; path = Info.plist; sourceTree = "<group>"; };
		7AD653D62079877F0058ADE4 /* GuardianAngelSwiftTests.xctest */ = {isa = PBXFileReference; explicitFileType = wrapper.cfbundle; includeInIndex = 0; path = GuardianAngelSwiftTests.xctest; sourceTree = BUILT_PRODUCTS_DIR; };
		7AD653DA2079877F0058ADE4 /* GuardianAngelSwiftTests.swift */ = {isa = PBXFileReference; lastKnownFileType = sourcecode.swift; path = GuardianAngelSwiftTests.swift; sourceTree = "<group>"; };
		7AD653DC207987800058ADE4 /* Info.plist */ = {isa = PBXFileReference; lastKnownFileType = text.plist.xml; path = Info.plist; sourceTree = "<group>"; };
/* End PBXFileReference section */

/* Begin PBXFrameworksBuildPhase section */
		7AD653BF2079877F0058ADE4 /* Frameworks */ = {
			isa = PBXFrameworksBuildPhase;
			buildActionMask = 2147483647;
			files = (
			);
			runOnlyForDeploymentPostprocessing = 0;
		};
		7AD653D32079877F0058ADE4 /* Frameworks */ = {
			isa = PBXFrameworksBuildPhase;
			buildActionMask = 2147483647;
			files = (
			);
			runOnlyForDeploymentPostprocessing = 0;
		};
/* End PBXFrameworksBuildPhase section */

/* Begin PBXGroup section */
		7AD653B92079877F0058ADE4 = {
			isa = PBXGroup;
			children = (
				7AD653C42079877F0058ADE4 /* GuardianAngelSwift */,
				7AD653D92079877F0058ADE4 /* GuardianAngelSwiftTests */,
				7AD653C32079877F0058ADE4 /* Products */,
			);
			sourceTree = "<group>";
		};
		7AD653C32079877F0058ADE4 /* Products */ = {
			isa = PBXGroup;
			children = (
				7AD653C22079877F0058ADE4 /* GuardianAngelSwift.app */,
				7AD653D62079877F0058ADE4 /* GuardianAngelSwiftTests.xctest */,
			);
			name = Products;
			sourceTree = "<group>";
		};
		7AD653C42079877F0058ADE4 /* GuardianAngelSwift */ = {
			isa = PBXGroup;
			children = (
				7AD653C52079877F0058ADE4 /* AppDelegate.swift */,
				7AD653C72079877F0058ADE4 /* ViewController.swift */,
				7AD653C92079877F0058ADE4 /* Main.storyboard */,
				7AD653CC2079877F0058ADE4 /* Assets.xcassets */,
				7A6282A6207C9C4B00B0F8B5 /* DMSEntryListView.swift */,
				7AD653CE2079877F0058ADE4 /* LaunchScreen.storyboard */,
				7AD653D12079877F0058ADE4 /* Info.plist */,
			);
			path = GuardianAngelSwift;
			sourceTree = "<group>";
		};
		7AD653D92079877F0058ADE4 /* GuardianAngelSwiftTests */ = {
			isa = PBXGroup;
			children = (
				7AD653DA2079877F0058ADE4 /* GuardianAngelSwiftTests.swift */,
				7AD653DC207987800058ADE4 /* Info.plist */,
			);
			path = GuardianAngelSwiftTests;
			sourceTree = "<group>";
		};
/* End PBXGroup section */

/* Begin PBXNativeTarget section */
		7AD653C12079877F0058ADE4 /* GuardianAngelSwift */ = {
			isa = PBXNativeTarget;
			buildConfigurationList = 7AD653DF207987800058ADE4 /* Build configuration list for PBXNativeTarget "GuardianAngelSwift" */;
			buildPhases = (
				7AD653BE2079877F0058ADE4 /* Sources */,
				7AD653BF2079877F0058ADE4 /* Frameworks */,
				7AD653C02079877F0058ADE4 /* Resources */,
			);
			buildRules = (
			);
			dependencies = (
			);
			name = GuardianAngelSwift;
			productName = GuardianAngelSwift;
			productReference = 7AD653C22079877F0058ADE4 /* GuardianAngelSwift.app */;
			productType = "com.apple.product-type.application";
		};
		7AD653D52079877F0058ADE4 /* GuardianAngelSwiftTests */ = {
			isa = PBXNativeTarget;
			buildConfigurationList = 7AD653E2207987800058ADE4 /* Build configuration list for PBXNativeTarget "GuardianAngelSwiftTests" */;
			buildPhases = (
				7AD653D22079877F0058ADE4 /* Sources */,
				7AD653D32079877F0058ADE4 /* Frameworks */,
				7AD653D42079877F0058ADE4 /* Resources */,
			);
			buildRules = (
			);
			dependencies = (
				7AD653D82079877F0058ADE4 /* PBXTargetDependency */,
			);
			name = GuardianAngelSwiftTests;
			productName = GuardianAngelSwiftTests;
			productReference = 7AD653D62079877F0058ADE4 /* GuardianAngelSwiftTests.xctest */;
			productType = "com.apple.product-type.bundle.unit-test";
		};
/* End PBXNativeTarget section */

/* Begin PBXProject section */
		7AD653BA2079877F0058ADE4 /* Project object */ = {
			isa = PBXProject;
			attributes = {
				LastSwiftUpdateCheck = 0930;
				LastUpgradeCheck = 0930;
				ORGANIZATIONNAME = "Chris Morris";
				TargetAttributes = {
					7AD653C12079877F0058ADE4 = {
						CreatedOnToolsVersion = 9.3;
					};
					7AD653D52079877F0058ADE4 = {
						CreatedOnToolsVersion = 9.3;
						TestTargetID = 7AD653C12079877F0058ADE4;
					};
				};
			};
			buildConfigurationList = 7AD653BD2079877F0058ADE4 /* Build configuration list for PBXProject "GuardianAngelSwift" */;
			compatibilityVersion = "Xcode 9.3";
			developmentRegion = en;
			hasScannedForEncodings = 0;
			knownRegions = (
				en,
				Base,
			);
			mainGroup = 7AD653B92079877F0058ADE4;
			productRefGroup = 7AD653C32079877F0058ADE4 /* Products */;
			projectDirPath = "";
			projectRoot = "";
			targets = (
				7AD653C12079877F0058ADE4 /* GuardianAngelSwift */,
				7AD653D52079877F0058ADE4 /* GuardianAngelSwiftTests */,
			);
		};
/* End PBXProject section */

/* Begin PBXResourcesBuildPhase section */
		7AD653C02079877F0058ADE4 /* Resources */ = {
			isa = PBXResourcesBuildPhase;
			buildActionMask = 2147483647;
			files = (
				7AD653D02079877F0058ADE4 /* LaunchScreen.storyboard in Resources */,
				7AD653CD2079877F0058ADE4 /* Assets.xcassets in Resources */,
				7AD653CB2079877F0058ADE4 /* Main.storyboard in Resources */,
			);
			runOnlyForDeploymentPostprocessing = 0;
		};
		7AD653D42079877F0058ADE4 /* Resources */ = {
			isa = PBXResourcesBuildPhase;
			buildActionMask = 2147483647;
			files = (
			);
			runOnlyForDeploymentPostprocessing = 0;
		};
/* End PBXResourcesBuildPhase section */

/* Begin PBXSourcesBuildPhase section */
		7AD653BE2079877F0058ADE4 /* Sources */ = {
			isa = PBXSourcesBuildPhase;
			buildActionMask = 2147483647;
			files = (
				7AD653C82079877F0058ADE4 /* ViewController.swift in Sources */,
				7AD653C62079877F0058ADE4 /* AppDelegate.swift in Sources */,
				7A6282A7207C9C4B00B0F8B5 /* DMSEntryListView.swift in Sources */,
			);
			runOnlyForDeploymentPostprocessing = 0;
		};
		7AD653D22079877F0058ADE4 /* Sources */ = {
			isa = PBXSourcesBuildPhase;
			buildActionMask = 2147483647;
			files = (
				7AD653DB2079877F0058ADE4 /* GuardianAngelSwiftTests.swift in Sources */,
			);
			runOnlyForDeploymentPostprocessing = 0;
		};
/* End PBXSourcesBuildPhase section */

/* Begin PBXTargetDependency section */
		7AD653D82079877F0058ADE4 /* PBXTargetDependency */ = {
			isa = PBXTargetDependency;
			target = 7AD653C12079877F0058ADE4 /* GuardianAngelSwift */;
			targetProxy = 7AD653D72079877F0058ADE4 /* PBXContainerItemProxy */;
		};
/* End PBXTargetDependency section */

/* Begin PBXVariantGroup section */
		7AD653C92079877F0058ADE4 /* Main.storyboard */ = {
			isa = PBXVariantGroup;
			children = (
				7AD653CA2079877F0058ADE4 /* Base */,
			);
			name = Main.storyboard;
			sourceTree = "<group>";
		};
		7AD653CE2079877F0058ADE4 /* LaunchScreen.storyboard */ = {
			isa = PBXVariantGroup;
			children = (
				7AD653CF2079877F0058ADE4 /* Base */,
			);
			name = LaunchScreen.storyboard;
			sourceTree = "<group>";
		};
/* End PBXVariantGroup section */

/* Begin XCBuildConfiguration section */
		7AD653DD207987800058ADE4 /* Debug */ = {
			isa = XCBuildConfiguration;
			buildSettings = {
				ALWAYS_SEARCH_USER_PATHS = NO;
				CLANG_ANALYZER_NONNULL = YES;
				CLANG_ANALYZER_NUMBER_OBJECT_CONVERSION = YES_AGGRESSIVE;
				CLANG_CXX_LANGUAGE_STANDARD = "gnu++14";
				CLANG_CXX_LIBRARY = "libc++";
				CLANG_ENABLE_MODULES = YES;
				CLANG_ENABLE_OBJC_ARC = YES;
				CLANG_ENABLE_OBJC_WEAK = YES;
				CLANG_WARN_BLOCK_CAPTURE_AUTORELEASING = YES;
				CLANG_WARN_BOOL_CONVERSION = YES;
				CLANG_WARN_COMMA = YES;
				CLANG_WARN_CONSTANT_CONVERSION = YES;
				CLANG_WARN_DEPRECATED_OBJC_IMPLEMENTATIONS = YES;
				CLANG_WARN_DIRECT_OBJC_ISA_USAGE = YES_ERROR;
				CLANG_WARN_DOCUMENTATION_COMMENTS = YES;
				CLANG_WARN_EMPTY_BODY = YES;
				CLANG_WARN_ENUM_CONVERSION = YES;
				CLANG_WARN_INFINITE_RECURSION = YES;
				CLANG_WARN_INT_CONVERSION = YES;
				CLANG_WARN_NON_LITERAL_NULL_CONVERSION = YES;
				CLANG_WARN_OBJC_IMPLICIT_RETAIN_SELF = YES;
				CLANG_WARN_OBJC_LITERAL_CONVERSION = YES;
				CLANG_WARN_OBJC_ROOT_CLASS = YES_ERROR;
				CLANG_WARN_RANGE_LOOP_ANALYSIS = YES;
				CLANG_WARN_STRICT_PROTOTYPES = YES;
				CLANG_WARN_SUSPICIOUS_MOVE = YES;
				CLANG_WARN_UNGUARDED_AVAILABILITY = YES_AGGRESSIVE;
				CLANG_WARN_UNREACHABLE_CODE = YES;
				CLANG_WARN__DUPLICATE_METHOD_MATCH = YES;
				CODE_SIGN_IDENTITY = "iPhone Developer";
				COPY_PHASE_STRIP = NO;
				DEBUG_INFORMATION_FORMAT = dwarf;
				ENABLE_STRICT_OBJC_MSGSEND = YES;
				ENABLE_TESTABILITY = YES;
				GCC_C_LANGUAGE_STANDARD = gnu11;
				GCC_DYNAMIC_NO_PIC = NO;
				GCC_NO_COMMON_BLOCKS = YES;
				GCC_OPTIMIZATION_LEVEL = 0;
				GCC_PREPROCESSOR_DEFINITIONS = (
					"DEBUG=1",
					"$(inherited)",
				);
				GCC_WARN_64_TO_32_BIT_CONVERSION = YES;
				GCC_WARN_ABOUT_RETURN_TYPE = YES_ERROR;
				GCC_WARN_UNDECLARED_SELECTOR = YES;
				GCC_WARN_UNINITIALIZED_AUTOS = YES_AGGRESSIVE;
				GCC_WARN_UNUSED_FUNCTION = YES;
				GCC_WARN_UNUSED_VARIABLE = YES;
				IPHONEOS_DEPLOYMENT_TARGET = 11.3;
				MTL_ENABLE_DEBUG_INFO = YES;
				ONLY_ACTIVE_ARCH = YES;
				SDKROOT = iphoneos;
				SWIFT_ACTIVE_COMPILATION_CONDITIONS = DEBUG;
				SWIFT_OPTIMIZATION_LEVEL = "-Onone";
			};
			name = Debug;
		};
		7AD653DE207987800058ADE4 /* Release */ = {
			isa = XCBuildConfiguration;
			buildSettings = {
				ALWAYS_SEARCH_USER_PATHS = NO;
				CLANG_ANALYZER_NONNULL = YES;
				CLANG_ANALYZER_NUMBER_OBJECT_CONVERSION = YES_AGGRESSIVE;
				CLANG_CXX_LANGUAGE_STANDARD = "gnu++14";
				CLANG_CXX_LIBRARY = "libc++";
				CLANG_ENABLE_MODULES = YES;
				CLANG_ENABLE_OBJC_ARC = YES;
				CLANG_ENABLE_OBJC_WEAK = YES;
				CLANG_WARN_BLOCK_CAPTURE_AUTORELEASING = YES;
				CLANG_WARN_BOOL_CONVERSION = YES;
				CLANG_WARN_COMMA = YES;
				CLANG_WARN_CONSTANT_CONVERSION = YES;
				CLANG_WARN_DEPRECATED_OBJC_IMPLEMENTATIONS = YES;
				CLANG_WARN_DIRECT_OBJC_ISA_USAGE = YES_ERROR;
				CLANG_WARN_DOCUMENTATION_COMMENTS = YES;
				CLANG_WARN_EMPTY_BODY = YES;
				CLANG_WARN_ENUM_CONVERSION = YES;
				CLANG_WARN_INFINITE_RECURSION = YES;
				CLANG_WARN_INT_CONVERSION = YES;
				CLANG_WARN_NON_LITERAL_NULL_CONVERSION = YES;
				CLANG_WARN_OBJC_IMPLICIT_RETAIN_SELF = YES;
				CLANG_WARN_OBJC_LITERAL_CONVERSION = YES;
				CLANG_WARN_OBJC_ROOT_CLASS = YES_ERROR;
				CLANG_WARN_RANGE_LOOP_ANALYSIS = YES;
				CLANG_WARN_STRICT_PROTOTYPES = YES;
				CLANG_WARN_SUSPICIOUS_MOVE = YES;
				CLANG_WARN_UNGUARDED_AVAILABILITY = YES_AGGRESSIVE;
				CLANG_WARN_UNREACHABLE_CODE = YES;
				CLANG_WARN__DUPLICATE_METHOD_MATCH = YES;
				CODE_SIGN_IDENTITY = "iPhone Developer";
				COPY_PHASE_STRIP = NO;
				DEBUG_INFORMATION_FORMAT = "dwarf-with-dsym";
				ENABLE_NS_ASSERTIONS = NO;
				ENABLE_STRICT_OBJC_MSGSEND = YES;
				GCC_C_LANGUAGE_STANDARD = gnu11;
				GCC_NO_COMMON_BLOCKS = YES;
				GCC_WARN_64_TO_32_BIT_CONVERSION = YES;
				GCC_WARN_ABOUT_RETURN_TYPE = YES_ERROR;
				GCC_WARN_UNDECLARED_SELECTOR = YES;
				GCC_WARN_UNINITIALIZED_AUTOS = YES_AGGRESSIVE;
				GCC_WARN_UNUSED_FUNCTION = YES;
				GCC_WARN_UNUSED_VARIABLE = YES;
				IPHONEOS_DEPLOYMENT_TARGET = 11.3;
				MTL_ENABLE_DEBUG_INFO = NO;
				SDKROOT = iphoneos;
				SWIFT_COMPILATION_MODE = wholemodule;
				SWIFT_OPTIMIZATION_LEVEL = "-O";
				VALIDATE_PRODUCT = YES;
			};
			name = Release;
		};
		7AD653E0207987800058ADE4 /* Debug */ = {
			isa = XCBuildConfiguration;
			buildSettings = {
				ASSETCATALOG_COMPILER_APPICON_NAME = AppIcon;
				CODE_SIGN_STYLE = Automatic;
				DEVELOPMENT_TEAM = UH553TB9GF;
				INFOPLIST_FILE = GuardianAngelSwift/Info.plist;
				IPHONEOS_DEPLOYMENT_TARGET = 11.2.6;
				LD_RUNPATH_SEARCH_PATHS = (
					"$(inherited)",
					"@executable_path/Frameworks",
				);
				PRODUCT_BUNDLE_IDENTIFIER = com.theonlysoftware.GuardianAngelSwift;
				PRODUCT_NAME = "$(TARGET_NAME)";
				SWIFT_VERSION = 4.0;
				TARGETED_DEVICE_FAMILY = 1;
			};
			name = Debug;
		};
		7AD653E1207987800058ADE4 /* Release */ = {
			isa = XCBuildConfiguration;
			buildSettings = {
				ASSETCATALOG_COMPILER_APPICON_NAME = AppIcon;
				CODE_SIGN_STYLE = Automatic;
				DEVELOPMENT_TEAM = UH553TB9GF;
				INFOPLIST_FILE = GuardianAngelSwift/Info.plist;
				IPHONEOS_DEPLOYMENT_TARGET = 11.2.6;
				LD_RUNPATH_SEARCH_PATHS = (
					"$(inherited)",
					"@executable_path/Frameworks",
				);
				PRODUCT_BUNDLE_IDENTIFIER = com.theonlysoftware.GuardianAngelSwift;
				PRODUCT_NAME = "$(TARGET_NAME)";
				SWIFT_VERSION = 4.0;
				TARGETED_DEVICE_FAMILY = 1;
			};
			name = Release;
		};
		7AD653E3207987800058ADE4 /* Debug */ = {
			isa = XCBuildConfiguration;
			buildSettings = {
				ALWAYS_EMBED_SWIFT_STANDARD_LIBRARIES = YES;
				BUNDLE_LOADER = "$(TEST_HOST)";
				CODE_SIGN_STYLE = Automatic;
				DEVELOPMENT_TEAM = UH553TB9GF;
				INFOPLIST_FILE = GuardianAngelSwiftTests/Info.plist;
				LD_RUNPATH_SEARCH_PATHS = (
					"$(inherited)",
					"@executable_path/Frameworks",
					"@loader_path/Frameworks",
				);
				PRODUCT_BUNDLE_IDENTIFIER = com.theonlysoftware.GuardianAngelSwiftTests;
				PRODUCT_NAME = "$(TARGET_NAME)";
				SWIFT_VERSION = 4.0;
				TARGETED_DEVICE_FAMILY = "1,2";
				TEST_HOST = "$(BUILT_PRODUCTS_DIR)/GuardianAngelSwift.app/GuardianAngelSwift";
			};
			name = Debug;
		};
		7AD653E4207987800058ADE4 /* Release */ = {
			isa = XCBuildConfiguration;
			buildSettings = {
				ALWAYS_EMBED_SWIFT_STANDARD_LIBRARIES = YES;
				BUNDLE_LOADER = "$(TEST_HOST)";
				CODE_SIGN_STYLE = Automatic;
				DEVELOPMENT_TEAM = UH553TB9GF;
				INFOPLIST_FILE = GuardianAngelSwiftTests/Info.plist;
				LD_RUNPATH_SEARCH_PATHS = (
					"$(inherited)",
					"@executable_path/Frameworks",
					"@loader_path/Frameworks",
				);
				PRODUCT_BUNDLE_IDENTIFIER = com.theonlysoftware.GuardianAngelSwiftTests;
				PRODUCT_NAME = "$(TARGET_NAME)";
				SWIFT_VERSION = 4.0;
				TARGETED_DEVICE_FAMILY = "1,2";
				TEST_HOST = "$(BUILT_PRODUCTS_DIR)/GuardianAngelSwift.app/GuardianAngelSwift";
			};
			name = Release;
		};
/* End XCBuildConfiguration section */

/* Begin XCConfigurationList section */
		7AD653BD2079877F0058ADE4 /* Build configuration list for PBXProject "GuardianAngelSwift" */ = {
			isa = XCConfigurationList;
			buildConfigurations = (
				7AD653DD207987800058ADE4 /* Debug */,
				7AD653DE207987800058ADE4 /* Release */,
			);
			defaultConfigurationIsVisible = 0;
			defaultConfigurationName = Release;
		};
		7AD653DF207987800058ADE4 /* Build configuration list for PBXNativeTarget "GuardianAngelSwift" */ = {
			isa = XCConfigurationList;
			buildConfigurations = (
				7AD653E0207987800058ADE4 /* Debug */,
				7AD653E1207987800058ADE4 /* Release */,
			);
			defaultConfigurationIsVisible = 0;
			defaultConfigurationName = Release;
		};
		7AD653E2207987800058ADE4 /* Build configuration list for PBXNativeTarget "GuardianAngelSwiftTests" */ = {
			isa = XCConfigurationList;
			buildConfigurations = (
				7AD653E3207987800058ADE4 /* Debug */,
				7AD653E4207987800058ADE4 /* Release */,
			);
			defaultConfigurationIsVisible = 0;
			defaultConfigurationName = Release;
		};
/* End XCConfigurationList section */
	};
	rootObject = 7AD653BA2079877F0058ADE4 /* Project object */;
}
